{
  "nodes": {
    "flake-utils": {
      "locked": {
        "lastModified": 1667077288,
        "narHash": "sha256-bdC8sFNDpT0HK74u9fUkpbf1MEzVYJ+ka7NXCdgBoaA=",
        "owner": "numtide",
        "repo": "flake-utils",
        "rev": "6ee9ebb6b1ee695d2cacc4faa053a7b9baa76817",
        "type": "github"
      },
      "original": {
        "owner": "numtide",
        "repo": "flake-utils",
        "type": "github"
      }
    },
    "nixpkgs": {
      "locked": {
        "lastModified": 1667177142,
        "narHash": "sha256-I6vgFE8FxcOOQC3aaEJJRQ7LYeZiB0KyR1pEc9DNJfU=",
        "owner": "nixos",
        "repo": "nixpkgs",
        "rev": "b99b28431cf447396d601f4d45de221d1b52578e",
        "type": "github"
      },
      "original": {
        "owner": "nixos",
        "repo": "nixpkgs",
        "type": "github"
      }
    },
    "root": {
      "inputs": {
        "flake-utils": "flake-utils",
        "nixpkgs": "nixpkgs",
        "treesitter4s": "treesitter4s"
      }
    },
    "treesitter4s": {
      "inputs": {
        "flake-utils": [
          "flake-utils"
        ],
        "nixpkgs": [
          "nixpkgs"
        ]
      },
      "locked": {
        "lastModified": 1667183672,
        "narHash": "sha256-QShhK+bKXC9lImwAQYXuXIWcgCKEC9ZFnHyZ+hxH6Qc=",
        "owner": "polyvariant",
        "repo": "treesitter4s",
        "rev": "d1d5df4d5eca3847b90f245779dcc76ee1eed605",
        "type": "github"
      },
      "original": {
        "owner": "polyvariant",
        "ref": "native",
        "repo": "treesitter4s",
        "type": "github"
      }
    }
  },
  "root": "root",
  "version": 7
}
