{
  "nodes": {
    "flake-utils": {
      "inputs": {
        "systems": "systems"
      },
      "locked": {
        "lastModified": 1710146030,
        "narHash": "sha256-SZ5L6eA7HJ/nmkzGG7/ISclqe6oZdOZTNoesiInkXPQ=",
        "owner": "numtide",
        "repo": "flake-utils",
        "rev": "b1d9ab70662946ef0850d488da1c9019f3a9752a",
        "type": "github"
      },
      "original": {
        "owner": "numtide",
        "repo": "flake-utils",
        "type": "github"
      }
    },
    "nixpkgs": {
      "locked": {
        "lastModified": 1713905099,
        "narHash": "sha256-6+M6qG/7PmDxYeXdutxS6gcS2MQR50ilEaIcNwnAmto=",
        "owner": "nixos",
        "repo": "nixpkgs",
        "rev": "0e7e9561350c68125627534b7c0f2d3cd5d32151",
        "type": "github"
      },
      "original": {
        "owner": "nixos",
        "repo": "nixpkgs",
        "type": "github"
      }
    },
    "root": {
      "inputs": {
        "flake-utils": "flake-utils",
        "nixpkgs": "nixpkgs",
        "treesitter4s": "treesitter4s"
      }
    },
    "treesitter4s": {
      "inputs": {
        "flake-utils": [
          "flake-utils"
        ],
        "nixpkgs": [
          "nixpkgs"
        ]
      },
      "locked": {
        "lastModified": 1667183672,
        "narHash": "sha256-QShhK+bKXC9lImwAQYXuXIWcgCKEC9ZFnHyZ+hxH6Qc=",
        "owner": "polyvariant",
        "repo": "treesitter4s",
        "rev": "d1d5df4d5eca3847b90f245779dcc76ee1eed605",
        "type": "github"
      },
      "original": {
        "owner": "polyvariant",
        "ref": "native",
        "repo": "treesitter4s",
        "type": "github"
      }
    },
    "systems": {
      "locked": {
        "lastModified": 1681028828,
        "narHash": "sha256-Vy1rq5AaRuLzOxct8nz4T6wlgyUR7zLU309k9mBC768=",
        "owner": "nix-systems",
        "repo": "default",
        "rev": "da67096a3b9bf56a91d16901293e51ba5b49a27e",
        "type": "github"
      },
      "original": {
        "owner": "nix-systems",
        "repo": "default",
        "type": "github"
      }
    }
  },
  "root": "root",
  "version": 7
}
